// !$*UTF8*$!
{
	archiveVersion = 1;
	classes = {
	};
	objectVersion = 46;
	objects = {

/* Begin PBXBuildFile section */
		041DEA011E077323003CCCBA /* AppDelegate.m in Sources */ = {isa = PBXBuildFile; fileRef = 041DEA001E077323003CCCBA /* AppDelegate.m */; };
		041DEA041E077323003CCCBA /* main.m in Sources */ = {isa = PBXBuildFile; fileRef = 041DEA031E077323003CCCBA /* main.m */; };
		041DEA061E077323003CCCBA /* Assets.xcassets in Resources */ = {isa = PBXBuildFile; fileRef = 041DEA051E077323003CCCBA /* Assets.xcassets */; };
		041DEA091E077323003CCCBA /* MainMenu.xib in Resources */ = {isa = PBXBuildFile; fileRef = 041DEA071E077323003CCCBA /* MainMenu.xib */; };
		042E29291E738E4900D37A86 /* Config.plist in Resources */ = {isa = PBXBuildFile; fileRef = 042E29281E738E4900D37A86 /* Config.plist */; };
		04F29DB81E728A4B005E7D3A /* remove.png in Resources */ = {isa = PBXBuildFile; fileRef = 04F29DB61E728A4B005E7D3A /* remove.png */; };
		04F29DB91E728A4B005E7D3A /* add.png in Resources */ = {isa = PBXBuildFile; fileRef = 04F29DB71E728A4B005E7D3A /* add.png */; };
		E29E752020A02B9C00ECAFA2 /* Alonso.plist in Resources */ = {isa = PBXBuildFile; fileRef = E29E751F20A02B9C00ECAFA2 /* Alonso.plist */; };
		E29E752220A02BAA00ECAFA2 /* Kaola.plist in Resources */ = {isa = PBXBuildFile; fileRef = E29E752120A02BAA00ECAFA2 /* Kaola.plist */; };
		E2CD09CB1E78C9D800F25EBE /* JFHotkeyManager.m in Sources */ = {isa = PBXBuildFile; fileRef = E2CD09CA1E78C9D800F25EBE /* JFHotkeyManager.m */; };
/* End PBXBuildFile section */

/* Begin PBXFileReference section */
		041DE9FC1E077323003CCCBA /* OpenVnc.app */ = {isa = PBXFileReference; explicitFileType = wrapper.application; includeInIndex = 0; path = OpenVnc.app; sourceTree = BUILT_PRODUCTS_DIR; };
		041DE9FF1E077323003CCCBA /* AppDelegate.h */ = {isa = PBXFileReference; lastKnownFileType = sourcecode.c.h; path = AppDelegate.h; sourceTree = "<group>"; };
		041DEA001E077323003CCCBA /* AppDelegate.m */ = {isa = PBXFileReference; lastKnownFileType = sourcecode.c.objc; path = AppDelegate.m; sourceTree = "<group>"; };
		041DEA031E077323003CCCBA /* main.m */ = {isa = PBXFileReference; lastKnownFileType = sourcecode.c.objc; path = main.m; sourceTree = "<group>"; };
		041DEA051E077323003CCCBA /* Assets.xcassets */ = {isa = PBXFileReference; lastKnownFileType = folder.assetcatalog; path = Assets.xcassets; sourceTree = "<group>"; };
		041DEA081E077323003CCCBA /* Base */ = {isa = PBXFileReference; lastKnownFileType = file.xib; name = Base; path = Base.lproj/MainMenu.xib; sourceTree = "<group>"; };
		041DEA0A1E077323003CCCBA /* Info.plist */ = {isa = PBXFileReference; lastKnownFileType = text.plist.xml; path = Info.plist; sourceTree = "<group>"; };
		042E29281E738E4900D37A86 /* Config.plist */ = {isa = PBXFileReference; fileEncoding = 4; lastKnownFileType = text.plist.xml; path = Config.plist; sourceTree = "<group>"; };
		04F29DB61E728A4B005E7D3A /* remove.png */ = {isa = PBXFileReference; lastKnownFileType = image.png; path = remove.png; sourceTree = "<group>"; };
		04F29DB71E728A4B005E7D3A /* add.png */ = {isa = PBXFileReference; lastKnownFileType = image.png; path = add.png; sourceTree = "<group>"; };
		E29E751F20A02B9C00ECAFA2 /* Alonso.plist */ = {isa = PBXFileReference; fileEncoding = 4; lastKnownFileType = text.plist.xml; path = Alonso.plist; sourceTree = "<group>"; };
		E29E752120A02BAA00ECAFA2 /* Kaola.plist */ = {isa = PBXFileReference; fileEncoding = 4; lastKnownFileType = text.plist.xml; path = Kaola.plist; sourceTree = "<group>"; };
		E2CD09C91E78C9D800F25EBE /* JFHotkeyManager.h */ = {isa = PBXFileReference; fileEncoding = 4; lastKnownFileType = sourcecode.c.h; path = JFHotkeyManager.h; sourceTree = "<group>"; };
		E2CD09CA1E78C9D800F25EBE /* JFHotkeyManager.m */ = {isa = PBXFileReference; fileEncoding = 4; lastKnownFileType = sourcecode.c.objc; path = JFHotkeyManager.m; sourceTree = "<group>"; };
/* End PBXFileReference section */

/* Begin PBXFrameworksBuildPhase section */
		041DE9F91E077320003CCCBA /* Frameworks */ = {
			isa = PBXFrameworksBuildPhase;
			buildActionMask = 2147483647;
			files = (
			);
			runOnlyForDeploymentPostprocessing = 0;
		};
/* End PBXFrameworksBuildPhase section */

/* Begin PBXGroup section */
		041DE9F31E077320003CCCBA = {
			isa = PBXGroup;
			children = (
				041DE9FE1E077323003CCCBA /* OpenVnc */,
				041DE9FD1E077323003CCCBA /* Products */,
			);
			sourceTree = "<group>";
		};
		041DE9FD1E077323003CCCBA /* Products */ = {
			isa = PBXGroup;
			children = (
				041DE9FC1E077323003CCCBA /* OpenVnc.app */,
			);
			name = Products;
			sourceTree = "<group>";
		};
		041DE9FE1E077323003CCCBA /* OpenVnc */ = {
			isa = PBXGroup;
			children = (
				041DE9FF1E077323003CCCBA /* AppDelegate.h */,
				041DEA001E077323003CCCBA /* AppDelegate.m */,
				E2CD09C91E78C9D800F25EBE /* JFHotkeyManager.h */,
				E2CD09CA1E78C9D800F25EBE /* JFHotkeyManager.m */,
				041DEA071E077323003CCCBA /* MainMenu.xib */,
				0455CA7F1E78D7C500FF00B4 /* images */,
				042E292E1E738EEE00D37A86 /* Plist */,
				041DEA051E077323003CCCBA /* Assets.xcassets */,
				041DEA0A1E077323003CCCBA /* Info.plist */,
				041DEA021E077323003CCCBA /* Supporting Files */,
			);
			path = OpenVnc;
			sourceTree = "<group>";
		};
		041DEA021E077323003CCCBA /* Supporting Files */ = {
			isa = PBXGroup;
			children = (
				041DEA031E077323003CCCBA /* main.m */,
			);
			name = "Supporting Files";
			sourceTree = "<group>";
		};
		042E292E1E738EEE00D37A86 /* Plist */ = {
			isa = PBXGroup;
			children = (
				042E29281E738E4900D37A86 /* Config.plist */,
				E29E751F20A02B9C00ECAFA2 /* Alonso.plist */,
				E29E752120A02BAA00ECAFA2 /* Kaola.plist */,
			);
			name = Plist;
			sourceTree = "<group>";
		};
		0455CA7F1E78D7C500FF00B4 /* images */ = {
			isa = PBXGroup;
			children = (
				04F29DB71E728A4B005E7D3A /* add.png */,
				04F29DB61E728A4B005E7D3A /* remove.png */,
			);
			name = images;
			sourceTree = "<group>";
		};
/* End PBXGroup section */

/* Begin PBXNativeTarget section */
		041DE9FB1E077320003CCCBA /* OpenVnc */ = {
			isa = PBXNativeTarget;
			buildConfigurationList = 041DEA0D1E077323003CCCBA /* Build configuration list for PBXNativeTarget "OpenVnc" */;
			buildPhases = (
				041DE9F81E077320003CCCBA /* Sources */,
				041DE9F91E077320003CCCBA /* Frameworks */,
				041DE9FA1E077320003CCCBA /* Resources */,
			);
			buildRules = (
			);
			dependencies = (
			);
			name = OpenVnc;
			productName = TEST;
			productReference = 041DE9FC1E077323003CCCBA /* OpenVnc.app */;
			productType = "com.apple.product-type.application";
		};
/* End PBXNativeTarget section */

/* Begin PBXProject section */
		041DE9F41E077320003CCCBA /* Project object */ = {
			isa = PBXProject;
			attributes = {
				LastUpgradeCheck = 0930;
				ORGANIZATIONNAME = Alonso;
				TargetAttributes = {
					041DE9FB1E077320003CCCBA = {
						CreatedOnToolsVersion = 8.0;
						DevelopmentTeam = 8LP5KW6GHL;
						ProvisioningStyle = Automatic;
					};
				};
			};
			buildConfigurationList = 041DE9F71E077320003CCCBA /* Build configuration list for PBXProject "OpenVnc" */;
			compatibilityVersion = "Xcode 3.2";
			developmentRegion = English;
			hasScannedForEncodings = 0;
			knownRegions = (
				en,
				Base,
			);
			mainGroup = 041DE9F31E077320003CCCBA;
			productRefGroup = 041DE9FD1E077323003CCCBA /* Products */;
			projectDirPath = "";
			projectRoot = "";
			targets = (
				041DE9FB1E077320003CCCBA /* OpenVnc */,
			);
		};
/* End PBXProject section */

/* Begin PBXResourcesBuildPhase section */
		041DE9FA1E077320003CCCBA /* Resources */ = {
			isa = PBXResourcesBuildPhase;
			buildActionMask = 2147483647;
			files = (
				041DEA061E077323003CCCBA /* Assets.xcassets in Resources */,
				04F29DB91E728A4B005E7D3A /* add.png in Resources */,
				E29E752020A02B9C00ECAFA2 /* Alonso.plist in Resources */,
				041DEA091E077323003CCCBA /* MainMenu.xib in Resources */,
				04F29DB81E728A4B005E7D3A /* remove.png in Resources */,
				E29E752220A02BAA00ECAFA2 /* Kaola.plist in Resources */,
				042E29291E738E4900D37A86 /* Config.plist in Resources */,
			);
			runOnlyForDeploymentPostprocessing = 0;
		};
/* End PBXResourcesBuildPhase section */

/* Begin PBXSourcesBuildPhase section */
		041DE9F81E077320003CCCBA /* Sources */ = {
			isa = PBXSourcesBuildPhase;
			buildActionMask = 2147483647;
			files = (
				041DEA041E077323003CCCBA /* main.m in Sources */,
				041DEA011E077323003CCCBA /* AppDelegate.m in Sources */,
				E2CD09CB1E78C9D800F25EBE /* JFHotkeyManager.m in Sources */,
			);
			runOnlyForDeploymentPostprocessing = 0;
		};
/* End PBXSourcesBuildPhase section */

/* Begin PBXVariantGroup section */
		041DEA071E077323003CCCBA /* MainMenu.xib */ = {
			isa = PBXVariantGroup;
			children = (
				041DEA081E077323003CCCBA /* Base */,
			);
			name = MainMenu.xib;
			sourceTree = "<group>";
		};
/* End PBXVariantGroup section */

/* Begin XCBuildConfiguration section */
		041DEA0B1E077323003CCCBA /* Debug */ = {
			isa = XCBuildConfiguration;
			buildSettings = {
				ALWAYS_SEARCH_USER_PATHS = NO;
				CLANG_ANALYZER_NONNULL = YES;
				CLANG_CXX_LANGUAGE_STANDARD = "gnu++0x";
				CLANG_CXX_LIBRARY = "libc++";
				CLANG_ENABLE_MODULES = YES;
				CLANG_ENABLE_OBJC_ARC = YES;
				CLANG_WARN_BLOCK_CAPTURE_AUTORELEASING = YES;
				CLANG_WARN_BOOL_CONVERSION = YES;
				CLANG_WARN_COMMA = YES;
				CLANG_WARN_CONSTANT_CONVERSION = YES;
				CLANG_WARN_DEPRECATED_OBJC_IMPLEMENTATIONS = YES;
				CLANG_WARN_DIRECT_OBJC_ISA_USAGE = YES_ERROR;
				CLANG_WARN_DOCUMENTATION_COMMENTS = YES;
				CLANG_WARN_EMPTY_BODY = YES;
				CLANG_WARN_ENUM_CONVERSION = YES;
				CLANG_WARN_INFINITE_RECURSION = YES;
				CLANG_WARN_INT_CONVERSION = YES;
				CLANG_WARN_NON_LITERAL_NULL_CONVERSION = YES;
				CLANG_WARN_OBJC_IMPLICIT_RETAIN_SELF = YES;
				CLANG_WARN_OBJC_LITERAL_CONVERSION = YES;
				CLANG_WARN_OBJC_ROOT_CLASS = YES_ERROR;
				CLANG_WARN_RANGE_LOOP_ANALYSIS = YES;
				CLANG_WARN_STRICT_PROTOTYPES = YES;
				CLANG_WARN_SUSPICIOUS_MOVE = YES;
				CLANG_WARN_SUSPICIOUS_MOVES = YES;
				CLANG_WARN_UNREACHABLE_CODE = YES;
				CLANG_WARN__DUPLICATE_METHOD_MATCH = YES;
				CODE_SIGN_IDENTITY = "-";
				COPY_PHASE_STRIP = NO;
				DEBUG_INFORMATION_FORMAT = dwarf;
				ENABLE_STRICT_OBJC_MSGSEND = YES;
				ENABLE_TESTABILITY = YES;
				GCC_C_LANGUAGE_STANDARD = gnu99;
				GCC_DYNAMIC_NO_PIC = NO;
				GCC_NO_COMMON_BLOCKS = YES;
				GCC_OPTIMIZATION_LEVEL = 0;
				GCC_PREPROCESSOR_DEFINITIONS = (
					"DEBUG=1",
					"$(inherited)",
				);
				GCC_WARN_64_TO_32_BIT_CONVERSION = YES;
				GCC_WARN_ABOUT_RETURN_TYPE = YES_ERROR;
				GCC_WARN_UNDECLARED_SELECTOR = YES;
				GCC_WARN_UNINITIALIZED_AUTOS = YES_AGGRESSIVE;
				GCC_WARN_UNUSED_FUNCTION = YES;
				GCC_WARN_UNUSED_VARIABLE = YES;
				MACOSX_DEPLOYMENT_TARGET = 10.10;
				MTL_ENABLE_DEBUG_INFO = YES;
				ONLY_ACTIVE_ARCH = YES;
				SDKROOT = macosx;
			};
			name = Debug;
		};
		041DEA0C1E077323003CCCBA /* Release */ = {
			isa = XCBuildConfiguration;
			buildSettings = {
				ALWAYS_SEARCH_USER_PATHS = NO;
				CLANG_ANALYZER_NONNULL = YES;
				CLANG_CXX_LANGUAGE_STANDARD = "gnu++0x";
				CLANG_CXX_LIBRARY = "libc++";
				CLANG_ENABLE_MODULES = YES;
				CLANG_ENABLE_OBJC_ARC = YES;
				CLANG_WARN_BLOCK_CAPTURE_AUTORELEASING = YES;
				CLANG_WARN_BOOL_CONVERSION = YES;
				CLANG_WARN_COMMA = YES;
				CLANG_WARN_CONSTANT_CONVERSION = YES;
				CLANG_WARN_DEPRECATED_OBJC_IMPLEMENTATIONS = YES;
				CLANG_WARN_DIRECT_OBJC_ISA_USAGE = YES_ERROR;
				CLANG_WARN_DOCUMENTATION_COMMENTS = YES;
				CLANG_WARN_EMPTY_BODY = YES;
				CLANG_WARN_ENUM_CONVERSION = YES;
				CLANG_WARN_INFINITE_RECURSION = YES;
				CLANG_WARN_INT_CONVERSION = YES;
				CLANG_WARN_NON_LITERAL_NULL_CONVERSION = YES;
				CLANG_WARN_OBJC_IMPLICIT_RETAIN_SELF = YES;
				CLANG_WARN_OBJC_LITERAL_CONVERSION = YES;
				CLANG_WARN_OBJC_ROOT_CLASS = YES_ERROR;
				CLANG_WARN_RANGE_LOOP_ANALYSIS = YES;
				CLANG_WARN_STRICT_PROTOTYPES = YES;
				CLANG_WARN_SUSPICIOUS_MOVE = YES;
				CLANG_WARN_SUSPICIOUS_MOVES = YES;
				CLANG_WARN_UNREACHABLE_CODE = YES;
				CLANG_WARN__DUPLICATE_METHOD_MATCH = YES;
				CODE_SIGN_IDENTITY = "-";
				COPY_PHASE_STRIP = NO;
				DEBUG_INFORMATION_FORMAT = "dwarf-with-dsym";
				ENABLE_NS_ASSERTIONS = NO;
				ENABLE_STRICT_OBJC_MSGSEND = YES;
				GCC_C_LANGUAGE_STANDARD = gnu99;
				GCC_NO_COMMON_BLOCKS = YES;
				GCC_WARN_64_TO_32_BIT_CONVERSION = YES;
				GCC_WARN_ABOUT_RETURN_TYPE = YES_ERROR;
				GCC_WARN_UNDECLARED_SELECTOR = YES;
				GCC_WARN_UNINITIALIZED_AUTOS = YES_AGGRESSIVE;
				GCC_WARN_UNUSED_FUNCTION = YES;
				GCC_WARN_UNUSED_VARIABLE = YES;
				MACOSX_DEPLOYMENT_TARGET = 10.10;
				MTL_ENABLE_DEBUG_INFO = NO;
				SDKROOT = macosx;
			};
			name = Release;
		};
		041DEA0E1E077323003CCCBA /* Debug */ = {
			isa = XCBuildConfiguration;
			buildSettings = {
				ASSETCATALOG_COMPILER_APPICON_NAME = AppIcon;
				CODE_SIGN_IDENTITY = "Mac Developer";
				CODE_SIGN_STYLE = Automatic;
				COMBINE_HIDPI_IMAGES = YES;
				DEVELOPMENT_TEAM = 8LP5KW6GHL;
				INFOPLIST_FILE = "$(SRCROOT)/OpenVnc/Info.plist";
				LD_RUNPATH_SEARCH_PATHS = "$(inherited) @executable_path/../Frameworks";
				MACOSX_DEPLOYMENT_TARGET = 10.13;
				PRODUCT_BUNDLE_IDENTIFIER = tech.zhangwu.openvnc;
				PRODUCT_NAME = "$(TARGET_NAME)";
				PROVISIONING_PROFILE_SPECIFIER = "";
			};
			name = Debug;
		};
		041DEA0F1E077323003CCCBA /* Release */ = {
			isa = XCBuildConfiguration;
			buildSettings = {
				ASSETCATALOG_COMPILER_APPICON_NAME = AppIcon;
				CODE_SIGN_IDENTITY = "Mac Developer";
				CODE_SIGN_STYLE = Automatic;
				COMBINE_HIDPI_IMAGES = YES;
				DEVELOPMENT_TEAM = 8LP5KW6GHL;
				INFOPLIST_FILE = "$(SRCROOT)/OpenVnc/Info.plist";
				LD_RUNPATH_SEARCH_PATHS = "$(inherited) @executable_path/../Frameworks";
				MACOSX_DEPLOYMENT_TARGET = 10.13;
				PRODUCT_BUNDLE_IDENTIFIER = tech.zhangwu.openvnc;
				PRODUCT_NAME = "$(TARGET_NAME)";
				PROVISIONING_PROFILE_SPECIFIER = "";
			};
			name = Release;
		};
/* End XCBuildConfiguration section */

/* Begin XCConfigurationList section */
		041DE9F71E077320003CCCBA /* Build configuration list for PBXProject "OpenVnc" */ = {
			isa = XCConfigurationList;
			buildConfigurations = (
				041DEA0B1E077323003CCCBA /* Debug */,
				041DEA0C1E077323003CCCBA /* Release */,
			);
			defaultConfigurationIsVisible = 0;
			defaultConfigurationName = Release;
		};
		041DEA0D1E077323003CCCBA /* Build configuration list for PBXNativeTarget "OpenVnc" */ = {
			isa = XCConfigurationList;
			buildConfigurations = (
				041DEA0E1E077323003CCCBA /* Debug */,
				041DEA0F1E077323003CCCBA /* Release */,
			);
			defaultConfigurationIsVisible = 0;
			defaultConfigurationName = Release;
		};
/* End XCConfigurationList section */
	};
	rootObject = 041DE9F41E077320003CCCBA /* Project object */;
}
